
Microsoft Visual Studio Solution File, Format Version 12.00
# Visual Studio Version 17
VisualStudioVersion = 17.3.32819.101
MinimumVisualStudioVersion = 10.0.40219.1
Project("{9A19103F-16F7-4668-BE54-9A1E7A4F7556}") = "MovieLibrary", "MovieLibrary\MovieLibrary.csproj", "{CD273D88-8838-4FC4-B43D-EDC554F15941}"
EndProject
Project("{9A19103F-16F7-4668-BE54-9A1E7A4F7556}") = "MovieLibrary.DataAccess", "MovieLibrary.DataAccess\MovieLibrary.DataAccess.csproj", "{2757E539-65A9-4F07-90DA-36D6CBA11311}"
EndProject
Project("{9A19103F-16F7-4668-BE54-9A1E7A4F7556}") = "MovieLibrary.Utilities", "MovieLibrary.Utilities\MovieLibrary.Utilities.csproj", "{F9E5925D-87A6-46A2-89D7-28860FA638ED}"
EndProject
Project("{9A19103F-16F7-4668-BE54-9A1E7A4F7556}") = "MovieLibrary.Core", "MovieLibrary.Core\MovieLibrary.Core.csproj", "{2CB5D658-3311-41A0-9FBC-555C46571821}"
EndProject
Global
	GlobalSection(SolutionConfigurationPlatforms) = preSolution
		Debug|Any CPU = Debug|Any CPU
		Release|Any CPU = Release|Any CPU
	EndGlobalSection
	GlobalSection(ProjectConfigurationPlatforms) = postSolution
		{CD273D88-8838-4FC4-B43D-EDC554F15941}.Debug|Any CPU.ActiveCfg = Debug|Any CPU
		{CD273D88-8838-4FC4-B43D-EDC554F15941}.Debug|Any CPU.Build.0 = Debug|Any CPU
		{CD273D88-8838-4FC4-B43D-EDC554F15941}.Release|Any CPU.ActiveCfg = Release|Any CPU
		{CD273D88-8838-4FC4-B43D-EDC554F15941}.Release|Any CPU.Build.0 = Release|Any CPU
		{2757E539-65A9-4F07-90DA-36D6CBA11311}.Debug|Any CPU.ActiveCfg = Debug|Any CPU
		{2757E539-65A9-4F07-90DA-36D6CBA11311}.Debug|Any CPU.Build.0 = Debug|Any CPU
		{2757E539-65A9-4F07-90DA-36D6CBA11311}.Release|Any CPU.ActiveCfg = Release|Any CPU
		{2757E539-65A9-4F07-90DA-36D6CBA11311}.Release|Any CPU.Build.0 = Release|Any CPU
		{F9E5925D-87A6-46A2-89D7-28860FA638ED}.Debug|Any CPU.ActiveCfg = Debug|Any CPU
		{F9E5925D-87A6-46A2-89D7-28860FA638ED}.Debug|Any CPU.Build.0 = Debug|Any CPU
		{F9E5925D-87A6-46A2-89D7-28860FA638ED}.Release|Any CPU.ActiveCfg = Release|Any CPU
		{F9E5925D-87A6-46A2-89D7-28860FA638ED}.Release|Any CPU.Build.0 = Release|Any CPU
		{2CB5D658-3311-41A0-9FBC-555C46571821}.Debug|Any CPU.ActiveCfg = Debug|Any CPU
		{2CB5D658-3311-41A0-9FBC-555C46571821}.Debug|Any CPU.Build.0 = Debug|Any CPU
		{2CB5D658-3311-41A0-9FBC-555C46571821}.Release|Any CPU.ActiveCfg = Release|Any CPU
		{2CB5D658-3311-41A0-9FBC-555C46571821}.Release|Any CPU.Build.0 = Release|Any CPU
	EndGlobalSection
	GlobalSection(SolutionProperties) = preSolution
		HideSolutionNode = FALSE
	EndGlobalSection
	GlobalSection(ExtensibilityGlobals) = postSolution
		SolutionGuid = {8F20FC91-7A0C-4415-8AE4-91E7A48E71E5}
	EndGlobalSection
EndGlobal
